
Microsoft Visual Studio Solution File, Format Version 12.00
# Visual Studio 2013
VisualStudioVersion = 12.0.30723.0
MinimumVisualStudioVersion = 10.0.40219.1
Project("{FAE04EC0-301F-11D3-BF4B-00C04F79EFBC}") = "Sample WebAPI", "Sample WebAPI\Sample WebAPI.csproj", "{69F6405E-153E-49F7-ABB6-E730720A9137}"
EndProject
Project("{FAE04EC0-301F-11D3-BF4B-00C04F79EFBC}") = "EdenAgency.JsonApi", "EdenAgency.JsonApi\EdenAgency.JsonApi.csproj", "{FBB6BC36-4156-4495-AFAB-78BC9E248F30}"
EndProject
Project("{FAE04EC0-301F-11D3-BF4B-00C04F79EFBC}") = "EdenAgency.JsonApi.Tests", "EdenAgency.JsonApi.Tests\EdenAgency.JsonApi.Tests.csproj", "{E2CC4481-B234-4C9B-97AA-A55B8C6D8ABE}"
EndProject
Global
	GlobalSection(SolutionConfigurationPlatforms) = preSolution
		Debug|Any CPU = Debug|Any CPU
		Release|Any CPU = Release|Any CPU
	EndGlobalSection
	GlobalSection(ProjectConfigurationPlatforms) = postSolution
		{69F6405E-153E-49F7-ABB6-E730720A9137}.Debug|Any CPU.ActiveCfg = Debug|Any CPU
		{69F6405E-153E-49F7-ABB6-E730720A9137}.Debug|Any CPU.Build.0 = Debug|Any CPU
		{69F6405E-153E-49F7-ABB6-E730720A9137}.Release|Any CPU.ActiveCfg = Release|Any CPU
		{69F6405E-153E-49F7-ABB6-E730720A9137}.Release|Any CPU.Build.0 = Release|Any CPU
		{FBB6BC36-4156-4495-AFAB-78BC9E248F30}.Debug|Any CPU.ActiveCfg = Debug|Any CPU
		{FBB6BC36-4156-4495-AFAB-78BC9E248F30}.Debug|Any CPU.Build.0 = Debug|Any CPU
		{FBB6BC36-4156-4495-AFAB-78BC9E248F30}.Release|Any CPU.ActiveCfg = Release|Any CPU
		{FBB6BC36-4156-4495-AFAB-78BC9E248F30}.Release|Any CPU.Build.0 = Release|Any CPU
		{E2CC4481-B234-4C9B-97AA-A55B8C6D8ABE}.Debug|Any CPU.ActiveCfg = Debug|Any CPU
		{E2CC4481-B234-4C9B-97AA-A55B8C6D8ABE}.Debug|Any CPU.Build.0 = Debug|Any CPU
		{E2CC4481-B234-4C9B-97AA-A55B8C6D8ABE}.Release|Any CPU.ActiveCfg = Release|Any CPU
		{E2CC4481-B234-4C9B-97AA-A55B8C6D8ABE}.Release|Any CPU.Build.0 = Release|Any CPU
	EndGlobalSection
	GlobalSection(SolutionProperties) = preSolution
		HideSolutionNode = FALSE
	EndGlobalSection
EndGlobal
